
Microsoft Visual Studio Solution File, Format Version 12.00
# Visual Studio Version 17
VisualStudioVersion = 17.5.33530.505
MinimumVisualStudioVersion = 10.0.40219.1
Project("{9A19103F-16F7-4668-BE54-9A1E7A4F7556}") = "StoreApp", "StoreApp\StoreApp.csproj", "{CE81F3DE-7AE6-4CA4-900E-50427C760CF9}"
EndProject
Project("{FAE04EC0-301F-11D3-BF4B-00C04F79EFBC}") = "Entities", "Entities\Entities.csproj", "{7AB4B8CE-8BF0-4427-AD2A-B8F94A51112E}"
EndProject
Global
	GlobalSection(SolutionConfigurationPlatforms) = preSolution
		Debug|Any CPU = Debug|Any CPU
		Release|Any CPU = Release|Any CPU
	EndGlobalSection
	GlobalSection(ProjectConfigurationPlatforms) = postSolution
		{CE81F3DE-7AE6-4CA4-900E-50427C760CF9}.Debug|Any CPU.ActiveCfg = Debug|Any CPU
		{CE81F3DE-7AE6-4CA4-900E-50427C760CF9}.Debug|Any CPU.Build.0 = Debug|Any CPU
		{CE81F3DE-7AE6-4CA4-900E-50427C760CF9}.Release|Any CPU.ActiveCfg = Release|Any CPU
		{CE81F3DE-7AE6-4CA4-900E-50427C760CF9}.Release|Any CPU.Build.0 = Release|Any CPU
		{7AB4B8CE-8BF0-4427-AD2A-B8F94A51112E}.Debug|Any CPU.ActiveCfg = Debug|Any CPU
		{7AB4B8CE-8BF0-4427-AD2A-B8F94A51112E}.Debug|Any CPU.Build.0 = Debug|Any CPU
		{7AB4B8CE-8BF0-4427-AD2A-B8F94A51112E}.Release|Any CPU.ActiveCfg = Release|Any CPU
		{7AB4B8CE-8BF0-4427-AD2A-B8F94A51112E}.Release|Any CPU.Build.0 = Release|Any CPU
	EndGlobalSection
	GlobalSection(SolutionProperties) = preSolution
		HideSolutionNode = FALSE
	EndGlobalSection
	GlobalSection(ExtensibilityGlobals) = postSolution
		SolutionGuid = {CC7EDCB2-5CAD-4C55-B90C-45E44B6D2E64}
	EndGlobalSection
EndGlobal
